{
  "name": "api",
  "version": "1.0.0",
  "lockfileVersion": 3,
  "requires": true,
  "packages": {
    "": {
      "name": "api",
      "version": "1.0.0",
      "license": "ISC",
      "dependencies": {
        "strongswan": "^0.1.0"
      }
    },
    "node_modules/dirty": {
      "version": "0.9.9",
      "resolved": "https://registry.npmjs.org/dirty/-/dirty-0.9.9.tgz",
      "integrity": "sha512-8B9YWGaz53+9PtqLiFdm+HQVkhCz2OkJ1jn4+Q6vcgGtciXAfZjXU9Uz6XynS2IbCNx81Yx6Ed10lPQBNk4mfg==",
      "engines": {
        "node": "*"
      }
    },
    "node_modules/fileops": {
      "version": "0.1.3",
      "resolved": "https://registry.npmjs.org/fileops/-/fileops-0.1.3.tgz",
      "integrity": "sha512-fjao4M0qtPC/HkMHVgtztIPbO1ZSMc3s5AC1pqXu+FE2Kjtf2bGJJCYcIFmh+oJmrE+Le+G2Nn4Yvcwu0SIRxw==",
      "engines": {
        "node": "0.6.x"
      }
    },
    "node_modules/json-schema": {
      "version": "0.2.0",
      "resolved": "https://registry.npmjs.org/json-schema/-/json-schema-0.2.0.tgz",
      "integrity": "sha512-RlaWU1QWYlw/z3pR5oNbSaGnIi1M/67cKdRXQuJ82zrb3jO0UtLUzR28kpCDg0bdKukW2hi1y72OTb25IaxXTw=="
    },
    "node_modules/node-uuid": {
      "version": "1.3.3",
      "resolved": "https://registry.npmjs.org/node-uuid/-/node-uuid-1.3.3.tgz",
      "integrity": "sha512-xKQtL5imfvX6PvUmgJyU/XaNT/l8tKvs+sJ6KLOmIzk/H8+sm7uE80QlPmmu3l1uirvRL3kZqtJPWoQBWT9gQw==",
      "deprecated": "Use uuid module instead",
      "engines": {
        "node": "*"
      }
    },
    "node_modules/strongswan": {
      "version": "0.1.0",
      "resolved": "https://registry.npmjs.org/strongswan/-/strongswan-0.1.0.tgz",
      "integrity": "sha512-aklE4zBnoFBHaxbIb2MWT6/b7qojq3AGyp0OqhxYNJ3sVUn6lDd+E4L86lDg0DUEDWg1QYG4BX1efRNZ5J/a5g==",
      "dependencies": {
        "dirty": "0.9.x",
        "fileops": "0.1.3",
        "json-schema": "0.2.0",
        "node-uuid": "1.3.x"
      },
      "engines": {
        "node": ">=0.6.x"
      }
    }
  }
}
